// !$*UTF8*$!
{
	archiveVersion = 1;
	classes = {
	};
	objectVersion = 56;
	objects = {

/* Begin PBXBuildFile section */
		EB6FF73D2C2B5169006E49B2 /* productView.swift in Sources */ = {isa = PBXBuildFile; fileRef = EB6FF73C2C2B5168006E49B2 /* productView.swift */; };
		EB9CE7A02C20968B00B6A70A /* userAuthApp.swift in Sources */ = {isa = PBXBuildFile; fileRef = EB9CE79F2C20968B00B6A70A /* userAuthApp.swift */; };
		EB9CE7A22C20968B00B6A70A /* ContentView.swift in Sources */ = {isa = PBXBuildFile; fileRef = EB9CE7A12C20968B00B6A70A /* ContentView.swift */; };
		EB9CE7A42C20968C00B6A70A /* Assets.xcassets in Resources */ = {isa = PBXBuildFile; fileRef = EB9CE7A32C20968C00B6A70A /* Assets.xcassets */; };
		EB9CE7A72C20968C00B6A70A /* Preview Assets.xcassets in Resources */ = {isa = PBXBuildFile; fileRef = EB9CE7A62C20968C00B6A70A /* Preview Assets.xcassets */; };
		EB9CE7B12C20968C00B6A70A /* userAuthTests.swift in Sources */ = {isa = PBXBuildFile; fileRef = EB9CE7B02C20968C00B6A70A /* userAuthTests.swift */; };
		EB9CE7BB2C20968C00B6A70A /* userAuthUITests.swift in Sources */ = {isa = PBXBuildFile; fileRef = EB9CE7BA2C20968C00B6A70A /* userAuthUITests.swift */; };
		EB9CE7BD2C20968C00B6A70A /* userAuthUITestsLaunchTests.swift in Sources */ = {isa = PBXBuildFile; fileRef = EB9CE7BC2C20968C00B6A70A /* userAuthUITestsLaunchTests.swift */; };
		EB9CE7CA2C20BC4A00B6A70A /* loginView.swift in Sources */ = {isa = PBXBuildFile; fileRef = EB9CE7C92C20BC4A00B6A70A /* loginView.swift */; };
		EB9CE7CC2C20BC8100B6A70A /* SignUpView.swift in Sources */ = {isa = PBXBuildFile; fileRef = EB9CE7CB2C20BC8100B6A70A /* SignUpView.swift */; };
		EB9CE7CE2C20C6D600B6A70A /* GoogleService-Info.plist in Resources */ = {isa = PBXBuildFile; fileRef = EB9CE7CD2C20C6D600B6A70A /* GoogleService-Info.plist */; };
		EB9CE7CF2C20C6D600B6A70A /* GoogleService-Info.plist in Resources */ = {isa = PBXBuildFile; fileRef = EB9CE7CD2C20C6D600B6A70A /* GoogleService-Info.plist */; };
		EB9CE7D02C20C6D600B6A70A /* GoogleService-Info.plist in Resources */ = {isa = PBXBuildFile; fileRef = EB9CE7CD2C20C6D600B6A70A /* GoogleService-Info.plist */; };
		EB9CE7D32C20C76300B6A70A /* FirebaseAnalytics in Frameworks */ = {isa = PBXBuildFile; productRef = EB9CE7D22C20C76300B6A70A /* FirebaseAnalytics */; };
		EB9CE7D52C20C76300B6A70A /* FirebaseAnalyticsOnDeviceConversion in Frameworks */ = {isa = PBXBuildFile; productRef = EB9CE7D42C20C76300B6A70A /* FirebaseAnalyticsOnDeviceConversion */; };
		EB9CE7D72C20C76300B6A70A /* FirebaseAnalyticsSwift in Frameworks */ = {isa = PBXBuildFile; productRef = EB9CE7D62C20C76300B6A70A /* FirebaseAnalyticsSwift */; };
		EB9CE7D92C20C76300B6A70A /* FirebaseAnalyticsWithoutAdIdSupport in Frameworks */ = {isa = PBXBuildFile; productRef = EB9CE7D82C20C76300B6A70A /* FirebaseAnalyticsWithoutAdIdSupport */; };
		EB9CE7DB2C20C76300B6A70A /* FirebaseAppCheck in Frameworks */ = {isa = PBXBuildFile; productRef = EB9CE7DA2C20C76300B6A70A /* FirebaseAppCheck */; };
		EB9CE7DD2C20C76300B6A70A /* FirebaseAppDistribution-Beta in Frameworks */ = {isa = PBXBuildFile; productRef = EB9CE7DC2C20C76300B6A70A /* FirebaseAppDistribution-Beta */; };
		EB9CE7DF2C20C76300B6A70A /* FirebaseAuth in Frameworks */ = {isa = PBXBuildFile; productRef = EB9CE7DE2C20C76300B6A70A /* FirebaseAuth */; };
		EB9CE7E12C20C76300B6A70A /* FirebaseAuthCombine-Community in Frameworks */ = {isa = PBXBuildFile; productRef = EB9CE7E02C20C76300B6A70A /* FirebaseAuthCombine-Community */; };
		EB9CE7E32C20C76300B6A70A /* FirebaseCrashlytics in Frameworks */ = {isa = PBXBuildFile; productRef = EB9CE7E22C20C76300B6A70A /* FirebaseCrashlytics */; };
		EB9CE7E52C20C76300B6A70A /* FirebaseDatabase in Frameworks */ = {isa = PBXBuildFile; productRef = EB9CE7E42C20C76300B6A70A /* FirebaseDatabase */; };
		EB9CE7E72C20C76300B6A70A /* FirebaseDatabaseSwift in Frameworks */ = {isa = PBXBuildFile; productRef = EB9CE7E62C20C76300B6A70A /* FirebaseDatabaseSwift */; };
		EB9CE7E92C20C76300B6A70A /* FirebaseDynamicLinks in Frameworks */ = {isa = PBXBuildFile; productRef = EB9CE7E82C20C76300B6A70A /* FirebaseDynamicLinks */; };
		EB9CE7EB2C20C76300B6A70A /* FirebaseFirestore in Frameworks */ = {isa = PBXBuildFile; productRef = EB9CE7EA2C20C76300B6A70A /* FirebaseFirestore */; };
		EB9CE7ED2C20C76300B6A70A /* FirebaseFirestoreCombine-Community in Frameworks */ = {isa = PBXBuildFile; productRef = EB9CE7EC2C20C76300B6A70A /* FirebaseFirestoreCombine-Community */; };
		EB9CE7EF2C20C76300B6A70A /* FirebaseFirestoreSwift in Frameworks */ = {isa = PBXBuildFile; productRef = EB9CE7EE2C20C76300B6A70A /* FirebaseFirestoreSwift */; };
		EB9CE7F12C20C76300B6A70A /* FirebaseFunctions in Frameworks */ = {isa = PBXBuildFile; productRef = EB9CE7F02C20C76300B6A70A /* FirebaseFunctions */; };
		EB9CE7F32C20C76300B6A70A /* FirebaseFunctionsCombine-Community in Frameworks */ = {isa = PBXBuildFile; productRef = EB9CE7F22C20C76300B6A70A /* FirebaseFunctionsCombine-Community */; };
		EB9CE7F52C20C76300B6A70A /* FirebaseInAppMessaging-Beta in Frameworks */ = {isa = PBXBuildFile; productRef = EB9CE7F42C20C76300B6A70A /* FirebaseInAppMessaging-Beta */; };
		EB9CE7F72C20C76300B6A70A /* FirebaseInAppMessagingSwift-Beta in Frameworks */ = {isa = PBXBuildFile; productRef = EB9CE7F62C20C76300B6A70A /* FirebaseInAppMessagingSwift-Beta */; };
		EB9CE7F92C20C76300B6A70A /* FirebaseInstallations in Frameworks */ = {isa = PBXBuildFile; productRef = EB9CE7F82C20C76300B6A70A /* FirebaseInstallations */; };
		EB9CE7FB2C20C76300B6A70A /* FirebaseMLModelDownloader in Frameworks */ = {isa = PBXBuildFile; productRef = EB9CE7FA2C20C76300B6A70A /* FirebaseMLModelDownloader */; };
		EB9CE7FD2C20C76300B6A70A /* FirebaseMessaging in Frameworks */ = {isa = PBXBuildFile; productRef = EB9CE7FC2C20C76300B6A70A /* FirebaseMessaging */; };
		EB9CE7FF2C20C76300B6A70A /* FirebasePerformance in Frameworks */ = {isa = PBXBuildFile; productRef = EB9CE7FE2C20C76300B6A70A /* FirebasePerformance */; };
		EB9CE8012C20C76300B6A70A /* FirebaseRemoteConfig in Frameworks */ = {isa = PBXBuildFile; productRef = EB9CE8002C20C76300B6A70A /* FirebaseRemoteConfig */; };
		EB9CE8032C20C76300B6A70A /* FirebaseRemoteConfigSwift in Frameworks */ = {isa = PBXBuildFile; productRef = EB9CE8022C20C76300B6A70A /* FirebaseRemoteConfigSwift */; };
		EB9CE8052C20C76300B6A70A /* FirebaseStorage in Frameworks */ = {isa = PBXBuildFile; productRef = EB9CE8042C20C76300B6A70A /* FirebaseStorage */; };
		EB9CE8072C20C76300B6A70A /* FirebaseStorageCombine-Community in Frameworks */ = {isa = PBXBuildFile; productRef = EB9CE8062C20C76300B6A70A /* FirebaseStorageCombine-Community */; };
		EB9CE8092C20C76300B6A70A /* FirebaseVertexAI-Preview in Frameworks */ = {isa = PBXBuildFile; productRef = EB9CE8082C20C76300B6A70A /* FirebaseVertexAI-Preview */; };
		EBA6C1402C3460F7003F41A4 /* ExistingView.swift in Sources */ = {isa = PBXBuildFile; fileRef = EBA6C13F2C3460F7003F41A4 /* ExistingView.swift */; };
/* End PBXBuildFile section */

/* Begin PBXContainerItemProxy section */
		EB9CE7AD2C20968C00B6A70A /* PBXContainerItemProxy */ = {
			isa = PBXContainerItemProxy;
			containerPortal = EB9CE7942C20968B00B6A70A /* Project object */;
			proxyType = 1;
			remoteGlobalIDString = EB9CE79B2C20968B00B6A70A;
			remoteInfo = userAuth;
		};
		EB9CE7B72C20968C00B6A70A /* PBXContainerItemProxy */ = {
			isa = PBXContainerItemProxy;
			containerPortal = EB9CE7942C20968B00B6A70A /* Project object */;
			proxyType = 1;
			remoteGlobalIDString = EB9CE79B2C20968B00B6A70A;
			remoteInfo = userAuth;
		};
/* End PBXContainerItemProxy section */

/* Begin PBXFileReference section */
		EB6FF73C2C2B5168006E49B2 /* productView.swift */ = {isa = PBXFileReference; lastKnownFileType = sourcecode.swift; path = productView.swift; sourceTree = "<group>"; };
		EB9CE79C2C20968B00B6A70A /* userAuth.app */ = {isa = PBXFileReference; explicitFileType = wrapper.application; includeInIndex = 0; path = userAuth.app; sourceTree = BUILT_PRODUCTS_DIR; };
		EB9CE79F2C20968B00B6A70A /* userAuthApp.swift */ = {isa = PBXFileReference; lastKnownFileType = sourcecode.swift; path = userAuthApp.swift; sourceTree = "<group>"; };
		EB9CE7A12C20968B00B6A70A /* ContentView.swift */ = {isa = PBXFileReference; lastKnownFileType = sourcecode.swift; path = ContentView.swift; sourceTree = "<group>"; };
		EB9CE7A32C20968C00B6A70A /* Assets.xcassets */ = {isa = PBXFileReference; lastKnownFileType = folder.assetcatalog; path = Assets.xcassets; sourceTree = "<group>"; };
		EB9CE7A62C20968C00B6A70A /* Preview Assets.xcassets */ = {isa = PBXFileReference; lastKnownFileType = folder.assetcatalog; path = "Preview Assets.xcassets"; sourceTree = "<group>"; };
		EB9CE7AC2C20968C00B6A70A /* userAuthTests.xctest */ = {isa = PBXFileReference; explicitFileType = wrapper.cfbundle; includeInIndex = 0; path = userAuthTests.xctest; sourceTree = BUILT_PRODUCTS_DIR; };
		EB9CE7B02C20968C00B6A70A /* userAuthTests.swift */ = {isa = PBXFileReference; lastKnownFileType = sourcecode.swift; path = userAuthTests.swift; sourceTree = "<group>"; };
		EB9CE7B62C20968C00B6A70A /* userAuthUITests.xctest */ = {isa = PBXFileReference; explicitFileType = wrapper.cfbundle; includeInIndex = 0; path = userAuthUITests.xctest; sourceTree = BUILT_PRODUCTS_DIR; };
		EB9CE7BA2C20968C00B6A70A /* userAuthUITests.swift */ = {isa = PBXFileReference; lastKnownFileType = sourcecode.swift; path = userAuthUITests.swift; sourceTree = "<group>"; };
		EB9CE7BC2C20968C00B6A70A /* userAuthUITestsLaunchTests.swift */ = {isa = PBXFileReference; lastKnownFileType = sourcecode.swift; path = userAuthUITestsLaunchTests.swift; sourceTree = "<group>"; };
		EB9CE7C92C20BC4A00B6A70A /* loginView.swift */ = {isa = PBXFileReference; lastKnownFileType = sourcecode.swift; path = loginView.swift; sourceTree = "<group>"; };
		EB9CE7CB2C20BC8100B6A70A /* SignUpView.swift */ = {isa = PBXFileReference; lastKnownFileType = sourcecode.swift; path = SignUpView.swift; sourceTree = "<group>"; };
		EB9CE7CD2C20C6D600B6A70A /* GoogleService-Info.plist */ = {isa = PBXFileReference; fileEncoding = 4; lastKnownFileType = text.plist.xml; name = "GoogleService-Info.plist"; path = "../../../../Downloads/GoogleService-Info.plist"; sourceTree = "<group>"; };
		EBA6C13F2C3460F7003F41A4 /* ExistingView.swift */ = {isa = PBXFileReference; lastKnownFileType = sourcecode.swift; path = ExistingView.swift; sourceTree = "<group>"; };
/* End PBXFileReference section */

/* Begin PBXFrameworksBuildPhase section */
		EB9CE7992C20968B00B6A70A /* Frameworks */ = {
			isa = PBXFrameworksBuildPhase;
			buildActionMask = 2147483647;
			files = (
				EB9CE7E52C20C76300B6A70A /* FirebaseDatabase in Frameworks */,
				EB9CE7F32C20C76300B6A70A /* FirebaseFunctionsCombine-Community in Frameworks */,
				EB9CE7EB2C20C76300B6A70A /* FirebaseFirestore in Frameworks */,
				EB9CE7D72C20C76300B6A70A /* FirebaseAnalyticsSwift in Frameworks */,
				EB9CE7D32C20C76300B6A70A /* FirebaseAnalytics in Frameworks */,
				EB9CE7D52C20C76300B6A70A /* FirebaseAnalyticsOnDeviceConversion in Frameworks */,
				EB9CE7FB2C20C76300B6A70A /* FirebaseMLModelDownloader in Frameworks */,
				EB9CE7EF2C20C76300B6A70A /* FirebaseFirestoreSwift in Frameworks */,
				EB9CE7DB2C20C76300B6A70A /* FirebaseAppCheck in Frameworks */,
				EB9CE7D92C20C76300B6A70A /* FirebaseAnalyticsWithoutAdIdSupport in Frameworks */,
				EB9CE7DF2C20C76300B6A70A /* FirebaseAuth in Frameworks */,
				EB9CE7E32C20C76300B6A70A /* FirebaseCrashlytics in Frameworks */,
				EB9CE8032C20C76300B6A70A /* FirebaseRemoteConfigSwift in Frameworks */,
				EB9CE7F52C20C76300B6A70A /* FirebaseInAppMessaging-Beta in Frameworks */,
				EB9CE7E72C20C76300B6A70A /* FirebaseDatabaseSwift in Frameworks */,
				EB9CE7F12C20C76300B6A70A /* FirebaseFunctions in Frameworks */,
				EB9CE8072C20C76300B6A70A /* FirebaseStorageCombine-Community in Frameworks */,
				EB9CE8012C20C76300B6A70A /* FirebaseRemoteConfig in Frameworks */,
				EB9CE7DD2C20C76300B6A70A /* FirebaseAppDistribution-Beta in Frameworks */,
				EB9CE7E12C20C76300B6A70A /* FirebaseAuthCombine-Community in Frameworks */,
				EB9CE7FF2C20C76300B6A70A /* FirebasePerformance in Frameworks */,
				EB9CE7F72C20C76300B6A70A /* FirebaseInAppMessagingSwift-Beta in Frameworks */,
				EB9CE8052C20C76300B6A70A /* FirebaseStorage in Frameworks */,
				EB9CE7E92C20C76300B6A70A /* FirebaseDynamicLinks in Frameworks */,
				EB9CE8092C20C76300B6A70A /* FirebaseVertexAI-Preview in Frameworks */,
				EB9CE7ED2C20C76300B6A70A /* FirebaseFirestoreCombine-Community in Frameworks */,
				EB9CE7FD2C20C76300B6A70A /* FirebaseMessaging in Frameworks */,
				EB9CE7F92C20C76300B6A70A /* FirebaseInstallations in Frameworks */,
			);
			runOnlyForDeploymentPostprocessing = 0;
		};
		EB9CE7A92C20968C00B6A70A /* Frameworks */ = {
			isa = PBXFrameworksBuildPhase;
			buildActionMask = 2147483647;
			files = (
			);
			runOnlyForDeploymentPostprocessing = 0;
		};
		EB9CE7B32C20968C00B6A70A /* Frameworks */ = {
			isa = PBXFrameworksBuildPhase;
			buildActionMask = 2147483647;
			files = (
			);
			runOnlyForDeploymentPostprocessing = 0;
		};
/* End PBXFrameworksBuildPhase section */

/* Begin PBXGroup section */
		EB9CE7932C20968B00B6A70A = {
			isa = PBXGroup;
			children = (
				EB9CE7C92C20BC4A00B6A70A /* loginView.swift */,
				EB9CE7CB2C20BC8100B6A70A /* SignUpView.swift */,
				EB9CE79E2C20968B00B6A70A /* userAuth */,
				EB9CE7AF2C20968C00B6A70A /* userAuthTests */,
				EB9CE7B92C20968C00B6A70A /* userAuthUITests */,
				EB9CE79D2C20968B00B6A70A /* Products */,
			);
			sourceTree = "<group>";
		};
		EB9CE79D2C20968B00B6A70A /* Products */ = {
			isa = PBXGroup;
			children = (
				EB9CE79C2C20968B00B6A70A /* userAuth.app */,
				EB9CE7AC2C20968C00B6A70A /* userAuthTests.xctest */,
				EB9CE7B62C20968C00B6A70A /* userAuthUITests.xctest */,
			);
			name = Products;
			sourceTree = "<group>";
		};
		EB9CE79E2C20968B00B6A70A /* userAuth */ = {
			isa = PBXGroup;
			children = (
				EB9CE79F2C20968B00B6A70A /* userAuthApp.swift */,
				EB9CE7A12C20968B00B6A70A /* ContentView.swift */,
				EB6FF73C2C2B5168006E49B2 /* productView.swift */,
				EB9CE7A32C20968C00B6A70A /* Assets.xcassets */,
				EBA6C13F2C3460F7003F41A4 /* ExistingView.swift */,
				EB9CE7CD2C20C6D600B6A70A /* GoogleService-Info.plist */,
				EB9CE7A52C20968C00B6A70A /* Preview Content */,
			);
			path = userAuth;
			sourceTree = "<group>";
		};
		EB9CE7A52C20968C00B6A70A /* Preview Content */ = {
			isa = PBXGroup;
			children = (
				EB9CE7A62C20968C00B6A70A /* Preview Assets.xcassets */,
			);
			path = "Preview Content";
			sourceTree = "<group>";
		};
		EB9CE7AF2C20968C00B6A70A /* userAuthTests */ = {
			isa = PBXGroup;
			children = (
				EB9CE7B02C20968C00B6A70A /* userAuthTests.swift */,
			);
			path = userAuthTests;
			sourceTree = "<group>";
		};
		EB9CE7B92C20968C00B6A70A /* userAuthUITests */ = {
			isa = PBXGroup;
			children = (
				EB9CE7BA2C20968C00B6A70A /* userAuthUITests.swift */,
				EB9CE7BC2C20968C00B6A70A /* userAuthUITestsLaunchTests.swift */,
			);
			path = userAuthUITests;
			sourceTree = "<group>";
		};
/* End PBXGroup section */

/* Begin PBXNativeTarget section */
		EB9CE79B2C20968B00B6A70A /* userAuth */ = {
			isa = PBXNativeTarget;
			buildConfigurationList = EB9CE7C02C20968C00B6A70A /* Build configuration list for PBXNativeTarget "userAuth" */;
			buildPhases = (
				EB9CE7982C20968B00B6A70A /* Sources */,
				EB9CE7992C20968B00B6A70A /* Frameworks */,
				EB9CE79A2C20968B00B6A70A /* Resources */,
			);
			buildRules = (
			);
			dependencies = (
			);
			name = userAuth;
			packageProductDependencies = (
				EB9CE7D22C20C76300B6A70A /* FirebaseAnalytics */,
				EB9CE7D42C20C76300B6A70A /* FirebaseAnalyticsOnDeviceConversion */,
				EB9CE7D62C20C76300B6A70A /* FirebaseAnalyticsSwift */,
				EB9CE7D82C20C76300B6A70A /* FirebaseAnalyticsWithoutAdIdSupport */,
				EB9CE7DA2C20C76300B6A70A /* FirebaseAppCheck */,
				EB9CE7DC2C20C76300B6A70A /* FirebaseAppDistribution-Beta */,
				EB9CE7DE2C20C76300B6A70A /* FirebaseAuth */,
				EB9CE7E02C20C76300B6A70A /* FirebaseAuthCombine-Community */,
				EB9CE7E22C20C76300B6A70A /* FirebaseCrashlytics */,
				EB9CE7E42C20C76300B6A70A /* FirebaseDatabase */,
				EB9CE7E62C20C76300B6A70A /* FirebaseDatabaseSwift */,
				EB9CE7E82C20C76300B6A70A /* FirebaseDynamicLinks */,
				EB9CE7EA2C20C76300B6A70A /* FirebaseFirestore */,
				EB9CE7EC2C20C76300B6A70A /* FirebaseFirestoreCombine-Community */,
				EB9CE7EE2C20C76300B6A70A /* FirebaseFirestoreSwift */,
				EB9CE7F02C20C76300B6A70A /* FirebaseFunctions */,
				EB9CE7F22C20C76300B6A70A /* FirebaseFunctionsCombine-Community */,
				EB9CE7F42C20C76300B6A70A /* FirebaseInAppMessaging-Beta */,
				EB9CE7F62C20C76300B6A70A /* FirebaseInAppMessagingSwift-Beta */,
				EB9CE7F82C20C76300B6A70A /* FirebaseInstallations */,
				EB9CE7FA2C20C76300B6A70A /* FirebaseMLModelDownloader */,
				EB9CE7FC2C20C76300B6A70A /* FirebaseMessaging */,
				EB9CE7FE2C20C76300B6A70A /* FirebasePerformance */,
				EB9CE8002C20C76300B6A70A /* FirebaseRemoteConfig */,
				EB9CE8022C20C76300B6A70A /* FirebaseRemoteConfigSwift */,
				EB9CE8042C20C76300B6A70A /* FirebaseStorage */,
				EB9CE8062C20C76300B6A70A /* FirebaseStorageCombine-Community */,
				EB9CE8082C20C76300B6A70A /* FirebaseVertexAI-Preview */,
			);
			productName = userAuth;
			productReference = EB9CE79C2C20968B00B6A70A /* userAuth.app */;
			productType = "com.apple.product-type.application";
		};
		EB9CE7AB2C20968C00B6A70A /* userAuthTests */ = {
			isa = PBXNativeTarget;
			buildConfigurationList = EB9CE7C32C20968C00B6A70A /* Build configuration list for PBXNativeTarget "userAuthTests" */;
			buildPhases = (
				EB9CE7A82C20968C00B6A70A /* Sources */,
				EB9CE7A92C20968C00B6A70A /* Frameworks */,
				EB9CE7AA2C20968C00B6A70A /* Resources */,
			);
			buildRules = (
			);
			dependencies = (
				EB9CE7AE2C20968C00B6A70A /* PBXTargetDependency */,
			);
			name = userAuthTests;
			productName = userAuthTests;
			productReference = EB9CE7AC2C20968C00B6A70A /* userAuthTests.xctest */;
			productType = "com.apple.product-type.bundle.unit-test";
		};
		EB9CE7B52C20968C00B6A70A /* userAuthUITests */ = {
			isa = PBXNativeTarget;
			buildConfigurationList = EB9CE7C62C20968C00B6A70A /* Build configuration list for PBXNativeTarget "userAuthUITests" */;
			buildPhases = (
				EB9CE7B22C20968C00B6A70A /* Sources */,
				EB9CE7B32C20968C00B6A70A /* Frameworks */,
				EB9CE7B42C20968C00B6A70A /* Resources */,
			);
			buildRules = (
			);
			dependencies = (
				EB9CE7B82C20968C00B6A70A /* PBXTargetDependency */,
			);
			name = userAuthUITests;
			productName = userAuthUITests;
			productReference = EB9CE7B62C20968C00B6A70A /* userAuthUITests.xctest */;
			productType = "com.apple.product-type.bundle.ui-testing";
		};
/* End PBXNativeTarget section */

/* Begin PBXProject section */
		EB9CE7942C20968B00B6A70A /* Project object */ = {
			isa = PBXProject;
			attributes = {
				BuildIndependentTargetsInParallel = 1;
				LastSwiftUpdateCheck = 1540;
				LastUpgradeCheck = 1540;
				TargetAttributes = {
					EB9CE79B2C20968B00B6A70A = {
						CreatedOnToolsVersion = 15.4;
					};
					EB9CE7AB2C20968C00B6A70A = {
						CreatedOnToolsVersion = 15.4;
						TestTargetID = EB9CE79B2C20968B00B6A70A;
					};
					EB9CE7B52C20968C00B6A70A = {
						CreatedOnToolsVersion = 15.4;
						TestTargetID = EB9CE79B2C20968B00B6A70A;
					};
				};
			};
			buildConfigurationList = EB9CE7972C20968B00B6A70A /* Build configuration list for PBXProject "userAuth" */;
			compatibilityVersion = "Xcode 14.0";
			developmentRegion = en;
			hasScannedForEncodings = 0;
			knownRegions = (
				en,
				Base,
			);
			mainGroup = EB9CE7932C20968B00B6A70A;
			packageReferences = (
				EB9CE7D12C20C76300B6A70A /* XCRemoteSwiftPackageReference "firebase-ios-sdk" */,
			);
			productRefGroup = EB9CE79D2C20968B00B6A70A /* Products */;
			projectDirPath = "";
			projectRoot = "";
			targets = (
				EB9CE79B2C20968B00B6A70A /* userAuth */,
				EB9CE7AB2C20968C00B6A70A /* userAuthTests */,
				EB9CE7B52C20968C00B6A70A /* userAuthUITests */,
			);
		};
/* End PBXProject section */

/* Begin PBXResourcesBuildPhase section */
		EB9CE79A2C20968B00B6A70A /* Resources */ = {
			isa = PBXResourcesBuildPhase;
			buildActionMask = 2147483647;
			files = (
				EB9CE7A72C20968C00B6A70A /* Preview Assets.xcassets in Resources */,
				EB9CE7A42C20968C00B6A70A /* Assets.xcassets in Resources */,
				EB9CE7CE2C20C6D600B6A70A /* GoogleService-Info.plist in Resources */,
			);
			runOnlyForDeploymentPostprocessing = 0;
		};
		EB9CE7AA2C20968C00B6A70A /* Resources */ = {
			isa = PBXResourcesBuildPhase;
			buildActionMask = 2147483647;
			files = (
				EB9CE7CF2C20C6D600B6A70A /* GoogleService-Info.plist in Resources */,
			);
			runOnlyForDeploymentPostprocessing = 0;
		};
		EB9CE7B42C20968C00B6A70A /* Resources */ = {
			isa = PBXResourcesBuildPhase;
			buildActionMask = 2147483647;
			files = (
				EB9CE7D02C20C6D600B6A70A /* GoogleService-Info.plist in Resources */,
			);
			runOnlyForDeploymentPostprocessing = 0;
		};
/* End PBXResourcesBuildPhase section */

/* Begin PBXSourcesBuildPhase section */
		EB9CE7982C20968B00B6A70A /* Sources */ = {
			isa = PBXSourcesBuildPhase;
			buildActionMask = 2147483647;
			files = (
				EB6FF73D2C2B5169006E49B2 /* productView.swift in Sources */,
				EB9CE7CC2C20BC8100B6A70A /* SignUpView.swift in Sources */,
				EB9CE7A22C20968B00B6A70A /* ContentView.swift in Sources */,
				EB9CE7CA2C20BC4A00B6A70A /* loginView.swift in Sources */,
				EB9CE7A02C20968B00B6A70A /* userAuthApp.swift in Sources */,
				EBA6C1402C3460F7003F41A4 /* ExistingView.swift in Sources */,
			);
			runOnlyForDeploymentPostprocessing = 0;
		};
		EB9CE7A82C20968C00B6A70A /* Sources */ = {
			isa = PBXSourcesBuildPhase;
			buildActionMask = 2147483647;
			files = (
				EB9CE7B12C20968C00B6A70A /* userAuthTests.swift in Sources */,
			);
			runOnlyForDeploymentPostprocessing = 0;
		};
		EB9CE7B22C20968C00B6A70A /* Sources */ = {
			isa = PBXSourcesBuildPhase;
			buildActionMask = 2147483647;
			files = (
				EB9CE7BD2C20968C00B6A70A /* userAuthUITestsLaunchTests.swift in Sources */,
				EB9CE7BB2C20968C00B6A70A /* userAuthUITests.swift in Sources */,
			);
			runOnlyForDeploymentPostprocessing = 0;
		};
/* End PBXSourcesBuildPhase section */

/* Begin PBXTargetDependency section */
		EB9CE7AE2C20968C00B6A70A /* PBXTargetDependency */ = {
			isa = PBXTargetDependency;
			target = EB9CE79B2C20968B00B6A70A /* userAuth */;
			targetProxy = EB9CE7AD2C20968C00B6A70A /* PBXContainerItemProxy */;
		};
		EB9CE7B82C20968C00B6A70A /* PBXTargetDependency */ = {
			isa = PBXTargetDependency;
			target = EB9CE79B2C20968B00B6A70A /* userAuth */;
			targetProxy = EB9CE7B72C20968C00B6A70A /* PBXContainerItemProxy */;
		};
/* End PBXTargetDependency section */

/* Begin XCBuildConfiguration section */
		EB9CE7BE2C20968C00B6A70A /* Debug */ = {
			isa = XCBuildConfiguration;
			buildSettings = {
				ALWAYS_SEARCH_USER_PATHS = NO;
				ASSETCATALOG_COMPILER_GENERATE_SWIFT_ASSET_SYMBOL_EXTENSIONS = YES;
				CLANG_ANALYZER_NONNULL = YES;
				CLANG_ANALYZER_NUMBER_OBJECT_CONVERSION = YES_AGGRESSIVE;
				CLANG_CXX_LANGUAGE_STANDARD = "gnu++20";
				CLANG_ENABLE_MODULES = YES;
				CLANG_ENABLE_OBJC_ARC = YES;
				CLANG_ENABLE_OBJC_WEAK = YES;
				CLANG_WARN_BLOCK_CAPTURE_AUTORELEASING = YES;
				CLANG_WARN_BOOL_CONVERSION = YES;
				CLANG_WARN_COMMA = YES;
				CLANG_WARN_CONSTANT_CONVERSION = YES;
				CLANG_WARN_DEPRECATED_OBJC_IMPLEMENTATIONS = YES;
				CLANG_WARN_DIRECT_OBJC_ISA_USAGE = YES_ERROR;
				CLANG_WARN_DOCUMENTATION_COMMENTS = YES;
				CLANG_WARN_EMPTY_BODY = YES;
				CLANG_WARN_ENUM_CONVERSION = YES;
				CLANG_WARN_INFINITE_RECURSION = YES;
				CLANG_WARN_INT_CONVERSION = YES;
				CLANG_WARN_NON_LITERAL_NULL_CONVERSION = YES;
				CLANG_WARN_OBJC_IMPLICIT_RETAIN_SELF = YES;
				CLANG_WARN_OBJC_LITERAL_CONVERSION = YES;
				CLANG_WARN_OBJC_ROOT_CLASS = YES_ERROR;
				CLANG_WARN_QUOTED_INCLUDE_IN_FRAMEWORK_HEADER = YES;
				CLANG_WARN_RANGE_LOOP_ANALYSIS = YES;
				CLANG_WARN_STRICT_PROTOTYPES = YES;
				CLANG_WARN_SUSPICIOUS_MOVE = YES;
				CLANG_WARN_UNGUARDED_AVAILABILITY = YES_AGGRESSIVE;
				CLANG_WARN_UNREACHABLE_CODE = YES;
				CLANG_WARN__DUPLICATE_METHOD_MATCH = YES;
				COPY_PHASE_STRIP = NO;
				DEBUG_INFORMATION_FORMAT = dwarf;
				ENABLE_STRICT_OBJC_MSGSEND = YES;
				ENABLE_TESTABILITY = YES;
				ENABLE_USER_SCRIPT_SANDBOXING = YES;
				GCC_C_LANGUAGE_STANDARD = gnu17;
				GCC_DYNAMIC_NO_PIC = NO;
				GCC_NO_COMMON_BLOCKS = YES;
				GCC_OPTIMIZATION_LEVEL = 0;
				GCC_PREPROCESSOR_DEFINITIONS = (
					"DEBUG=1",
					"$(inherited)",
				);
				GCC_WARN_64_TO_32_BIT_CONVERSION = YES;
				GCC_WARN_ABOUT_RETURN_TYPE = YES_ERROR;
				GCC_WARN_UNDECLARED_SELECTOR = YES;
				GCC_WARN_UNINITIALIZED_AUTOS = YES_AGGRESSIVE;
				GCC_WARN_UNUSED_FUNCTION = YES;
				GCC_WARN_UNUSED_VARIABLE = YES;
				IPHONEOS_DEPLOYMENT_TARGET = 17.5;
				LOCALIZATION_PREFERS_STRING_CATALOGS = YES;
				MTL_ENABLE_DEBUG_INFO = INCLUDE_SOURCE;
				MTL_FAST_MATH = YES;
				ONLY_ACTIVE_ARCH = YES;
				SDKROOT = iphoneos;
				SWIFT_ACTIVE_COMPILATION_CONDITIONS = "DEBUG $(inherited)";
				SWIFT_OPTIMIZATION_LEVEL = "-Onone";
			};
			name = Debug;
		};
		EB9CE7BF2C20968C00B6A70A /* Release */ = {
			isa = XCBuildConfiguration;
			buildSettings = {
				ALWAYS_SEARCH_USER_PATHS = NO;
				ASSETCATALOG_COMPILER_GENERATE_SWIFT_ASSET_SYMBOL_EXTENSIONS = YES;
				CLANG_ANALYZER_NONNULL = YES;
				CLANG_ANALYZER_NUMBER_OBJECT_CONVERSION = YES_AGGRESSIVE;
				CLANG_CXX_LANGUAGE_STANDARD = "gnu++20";
				CLANG_ENABLE_MODULES = YES;
				CLANG_ENABLE_OBJC_ARC = YES;
				CLANG_ENABLE_OBJC_WEAK = YES;
				CLANG_WARN_BLOCK_CAPTURE_AUTORELEASING = YES;
				CLANG_WARN_BOOL_CONVERSION = YES;
				CLANG_WARN_COMMA = YES;
				CLANG_WARN_CONSTANT_CONVERSION = YES;
				CLANG_WARN_DEPRECATED_OBJC_IMPLEMENTATIONS = YES;
				CLANG_WARN_DIRECT_OBJC_ISA_USAGE = YES_ERROR;
				CLANG_WARN_DOCUMENTATION_COMMENTS = YES;
				CLANG_WARN_EMPTY_BODY = YES;
				CLANG_WARN_ENUM_CONVERSION = YES;
				CLANG_WARN_INFINITE_RECURSION = YES;
				CLANG_WARN_INT_CONVERSION = YES;
				CLANG_WARN_NON_LITERAL_NULL_CONVERSION = YES;
				CLANG_WARN_OBJC_IMPLICIT_RETAIN_SELF = YES;
				CLANG_WARN_OBJC_LITERAL_CONVERSION = YES;
				CLANG_WARN_OBJC_ROOT_CLASS = YES_ERROR;
				CLANG_WARN_QUOTED_INCLUDE_IN_FRAMEWORK_HEADER = YES;
				CLANG_WARN_RANGE_LOOP_ANALYSIS = YES;
				CLANG_WARN_STRICT_PROTOTYPES = YES;
				CLANG_WARN_SUSPICIOUS_MOVE = YES;
				CLANG_WARN_UNGUARDED_AVAILABILITY = YES_AGGRESSIVE;
				CLANG_WARN_UNREACHABLE_CODE = YES;
				CLANG_WARN__DUPLICATE_METHOD_MATCH = YES;
				COPY_PHASE_STRIP = NO;
				DEBUG_INFORMATION_FORMAT = "dwarf-with-dsym";
				ENABLE_NS_ASSERTIONS = NO;
				ENABLE_STRICT_OBJC_MSGSEND = YES;
				ENABLE_USER_SCRIPT_SANDBOXING = YES;
				GCC_C_LANGUAGE_STANDARD = gnu17;
				GCC_NO_COMMON_BLOCKS = YES;
				GCC_WARN_64_TO_32_BIT_CONVERSION = YES;
				GCC_WARN_ABOUT_RETURN_TYPE = YES_ERROR;
				GCC_WARN_UNDECLARED_SELECTOR = YES;
				GCC_WARN_UNINITIALIZED_AUTOS = YES_AGGRESSIVE;
				GCC_WARN_UNUSED_FUNCTION = YES;
				GCC_WARN_UNUSED_VARIABLE = YES;
				IPHONEOS_DEPLOYMENT_TARGET = 17.5;
				LOCALIZATION_PREFERS_STRING_CATALOGS = YES;
				MTL_ENABLE_DEBUG_INFO = NO;
				MTL_FAST_MATH = YES;
				SDKROOT = iphoneos;
				SWIFT_COMPILATION_MODE = wholemodule;
				VALIDATE_PRODUCT = YES;
			};
			name = Release;
		};
		EB9CE7C12C20968C00B6A70A /* Debug */ = {
			isa = XCBuildConfiguration;
			buildSettings = {
				ASSETCATALOG_COMPILER_APPICON_NAME = AppIcon;
				ASSETCATALOG_COMPILER_GLOBAL_ACCENT_COLOR_NAME = AccentColor;
				CODE_SIGN_STYLE = Automatic;
				CURRENT_PROJECT_VERSION = 1;
				DEVELOPMENT_ASSET_PATHS = "\"userAuth/Preview Content\"";
				ENABLE_PREVIEWS = YES;
				GENERATE_INFOPLIST_FILE = YES;
				INFOPLIST_KEY_UIApplicationSceneManifest_Generation = YES;
				INFOPLIST_KEY_UIApplicationSupportsIndirectInputEvents = YES;
				INFOPLIST_KEY_UILaunchScreen_Generation = YES;
				INFOPLIST_KEY_UISupportedInterfaceOrientations_iPad = "UIInterfaceOrientationPortrait UIInterfaceOrientationPortraitUpsideDown UIInterfaceOrientationLandscapeLeft UIInterfaceOrientationLandscapeRight";
				INFOPLIST_KEY_UISupportedInterfaceOrientations_iPhone = "UIInterfaceOrientationPortrait UIInterfaceOrientationLandscapeLeft UIInterfaceOrientationLandscapeRight";
				IPHONEOS_DEPLOYMENT_TARGET = 17.0;
				LD_RUNPATH_SEARCH_PATHS = (
					"$(inherited)",
					"@executable_path/Frameworks",
				);
				MARKETING_VERSION = 1.0;
				PRODUCT_BUNDLE_IDENTIFIER = com.davion.userAuth;
				PRODUCT_NAME = "$(TARGET_NAME)";
				SWIFT_EMIT_LOC_STRINGS = YES;
				SWIFT_VERSION = 5.0;
				TARGETED_DEVICE_FAMILY = "1,2";
			};
			name = Debug;
		};
		EB9CE7C22C20968C00B6A70A /* Release */ = {
			isa = XCBuildConfiguration;
			buildSettings = {
				ASSETCATALOG_COMPILER_APPICON_NAME = AppIcon;
				ASSETCATALOG_COMPILER_GLOBAL_ACCENT_COLOR_NAME = AccentColor;
				CODE_SIGN_STYLE = Automatic;
				CURRENT_PROJECT_VERSION = 1;
				DEVELOPMENT_ASSET_PATHS = "\"userAuth/Preview Content\"";
				ENABLE_PREVIEWS = YES;
				GENERATE_INFOPLIST_FILE = YES;
				INFOPLIST_KEY_UIApplicationSceneManifest_Generation = YES;
				INFOPLIST_KEY_UIApplicationSupportsIndirectInputEvents = YES;
				INFOPLIST_KEY_UILaunchScreen_Generation = YES;
				INFOPLIST_KEY_UISupportedInterfaceOrientations_iPad = "UIInterfaceOrientationPortrait UIInterfaceOrientationPortraitUpsideDown UIInterfaceOrientationLandscapeLeft UIInterfaceOrientationLandscapeRight";
				INFOPLIST_KEY_UISupportedInterfaceOrientations_iPhone = "UIInterfaceOrientationPortrait UIInterfaceOrientationLandscapeLeft UIInterfaceOrientationLandscapeRight";
				IPHONEOS_DEPLOYMENT_TARGET = 17.0;
				LD_RUNPATH_SEARCH_PATHS = (
					"$(inherited)",
					"@executable_path/Frameworks",
				);
				MARKETING_VERSION = 1.0;
				PRODUCT_BUNDLE_IDENTIFIER = com.davion.userAuth;
				PRODUCT_NAME = "$(TARGET_NAME)";
				SWIFT_EMIT_LOC_STRINGS = YES;
				SWIFT_VERSION = 5.0;
				TARGETED_DEVICE_FAMILY = "1,2";
			};
			name = Release;
		};
		EB9CE7C42C20968C00B6A70A /* Debug */ = {
			isa = XCBuildConfiguration;
			buildSettings = {
				ALWAYS_EMBED_SWIFT_STANDARD_LIBRARIES = YES;
				BUNDLE_LOADER = "$(TEST_HOST)";
				CODE_SIGN_STYLE = Automatic;
				CURRENT_PROJECT_VERSION = 1;
				GENERATE_INFOPLIST_FILE = YES;
				IPHONEOS_DEPLOYMENT_TARGET = 17.5;
				MARKETING_VERSION = 1.0;
				PRODUCT_BUNDLE_IDENTIFIER = com.davion.userAuthTests;
				PRODUCT_NAME = "$(TARGET_NAME)";
				SWIFT_EMIT_LOC_STRINGS = NO;
				SWIFT_VERSION = 5.0;
				TARGETED_DEVICE_FAMILY = "1,2";
				TEST_HOST = "$(BUILT_PRODUCTS_DIR)/userAuth.app/$(BUNDLE_EXECUTABLE_FOLDER_PATH)/userAuth";
			};
			name = Debug;
		};
		EB9CE7C52C20968C00B6A70A /* Release */ = {
			isa = XCBuildConfiguration;
			buildSettings = {
				ALWAYS_EMBED_SWIFT_STANDARD_LIBRARIES = YES;
				BUNDLE_LOADER = "$(TEST_HOST)";
				CODE_SIGN_STYLE = Automatic;
				CURRENT_PROJECT_VERSION = 1;
				GENERATE_INFOPLIST_FILE = YES;
				IPHONEOS_DEPLOYMENT_TARGET = 17.5;
				MARKETING_VERSION = 1.0;
				PRODUCT_BUNDLE_IDENTIFIER = com.davion.userAuthTests;
				PRODUCT_NAME = "$(TARGET_NAME)";
				SWIFT_EMIT_LOC_STRINGS = NO;
				SWIFT_VERSION = 5.0;
				TARGETED_DEVICE_FAMILY = "1,2";
				TEST_HOST = "$(BUILT_PRODUCTS_DIR)/userAuth.app/$(BUNDLE_EXECUTABLE_FOLDER_PATH)/userAuth";
			};
			name = Release;
		};
		EB9CE7C72C20968C00B6A70A /* Debug */ = {
			isa = XCBuildConfiguration;
			buildSettings = {
				ALWAYS_EMBED_SWIFT_STANDARD_LIBRARIES = YES;
				CODE_SIGN_STYLE = Automatic;
				CURRENT_PROJECT_VERSION = 1;
				GENERATE_INFOPLIST_FILE = YES;
				MARKETING_VERSION = 1.0;
				PRODUCT_BUNDLE_IDENTIFIER = com.davion.userAuthUITests;
				PRODUCT_NAME = "$(TARGET_NAME)";
				SWIFT_EMIT_LOC_STRINGS = NO;
				SWIFT_VERSION = 5.0;
				TARGETED_DEVICE_FAMILY = "1,2";
				TEST_TARGET_NAME = userAuth;
			};
			name = Debug;
		};
		EB9CE7C82C20968C00B6A70A /* Release */ = {
			isa = XCBuildConfiguration;
			buildSettings = {
				ALWAYS_EMBED_SWIFT_STANDARD_LIBRARIES = YES;
				CODE_SIGN_STYLE = Automatic;
				CURRENT_PROJECT_VERSION = 1;
				GENERATE_INFOPLIST_FILE = YES;
				MARKETING_VERSION = 1.0;
				PRODUCT_BUNDLE_IDENTIFIER = com.davion.userAuthUITests;
				PRODUCT_NAME = "$(TARGET_NAME)";
				SWIFT_EMIT_LOC_STRINGS = NO;
				SWIFT_VERSION = 5.0;
				TARGETED_DEVICE_FAMILY = "1,2";
				TEST_TARGET_NAME = userAuth;
			};
			name = Release;
		};
/* End XCBuildConfiguration section */

/* Begin XCConfigurationList section */
		EB9CE7972C20968B00B6A70A /* Build configuration list for PBXProject "userAuth" */ = {
			isa = XCConfigurationList;
			buildConfigurations = (
				EB9CE7BE2C20968C00B6A70A /* Debug */,
				EB9CE7BF2C20968C00B6A70A /* Release */,
			);
			defaultConfigurationIsVisible = 0;
			defaultConfigurationName = Release;
		};
		EB9CE7C02C20968C00B6A70A /* Build configuration list for PBXNativeTarget "userAuth" */ = {
			isa = XCConfigurationList;
			buildConfigurations = (
				EB9CE7C12C20968C00B6A70A /* Debug */,
				EB9CE7C22C20968C00B6A70A /* Release */,
			);
			defaultConfigurationIsVisible = 0;
			defaultConfigurationName = Release;
		};
		EB9CE7C32C20968C00B6A70A /* Build configuration list for PBXNativeTarget "userAuthTests" */ = {
			isa = XCConfigurationList;
			buildConfigurations = (
				EB9CE7C42C20968C00B6A70A /* Debug */,
				EB9CE7C52C20968C00B6A70A /* Release */,
			);
			defaultConfigurationIsVisible = 0;
			defaultConfigurationName = Release;
		};
		EB9CE7C62C20968C00B6A70A /* Build configuration list for PBXNativeTarget "userAuthUITests" */ = {
			isa = XCConfigurationList;
			buildConfigurations = (
				EB9CE7C72C20968C00B6A70A /* Debug */,
				EB9CE7C82C20968C00B6A70A /* Release */,
			);
			defaultConfigurationIsVisible = 0;
			defaultConfigurationName = Release;
		};
/* End XCConfigurationList section */

/* Begin XCRemoteSwiftPackageReference section */
		EB9CE7D12C20C76300B6A70A /* XCRemoteSwiftPackageReference "firebase-ios-sdk" */ = {
			isa = XCRemoteSwiftPackageReference;
			repositoryURL = "https://github.com/firebase/firebase-ios-sdk";
			requirement = {
				kind = upToNextMajorVersion;
				minimumVersion = 10.28.0;
			};
		};
/* End XCRemoteSwiftPackageReference section */

/* Begin XCSwiftPackageProductDependency section */
		EB9CE7D22C20C76300B6A70A /* FirebaseAnalytics */ = {
			isa = XCSwiftPackageProductDependency;
			package = EB9CE7D12C20C76300B6A70A /* XCRemoteSwiftPackageReference "firebase-ios-sdk" */;
			productName = FirebaseAnalytics;
		};
		EB9CE7D42C20C76300B6A70A /* FirebaseAnalyticsOnDeviceConversion */ = {
			isa = XCSwiftPackageProductDependency;
			package = EB9CE7D12C20C76300B6A70A /* XCRemoteSwiftPackageReference "firebase-ios-sdk" */;
			productName = FirebaseAnalyticsOnDeviceConversion;
		};
		EB9CE7D62C20C76300B6A70A /* FirebaseAnalyticsSwift */ = {
			isa = XCSwiftPackageProductDependency;
			package = EB9CE7D12C20C76300B6A70A /* XCRemoteSwiftPackageReference "firebase-ios-sdk" */;
			productName = FirebaseAnalyticsSwift;
		};
		EB9CE7D82C20C76300B6A70A /* FirebaseAnalyticsWithoutAdIdSupport */ = {
			isa = XCSwiftPackageProductDependency;
			package = EB9CE7D12C20C76300B6A70A /* XCRemoteSwiftPackageReference "firebase-ios-sdk" */;
			productName = FirebaseAnalyticsWithoutAdIdSupport;
		};
		EB9CE7DA2C20C76300B6A70A /* FirebaseAppCheck */ = {
			isa = XCSwiftPackageProductDependency;
			package = EB9CE7D12C20C76300B6A70A /* XCRemoteSwiftPackageReference "firebase-ios-sdk" */;
			productName = FirebaseAppCheck;
		};
		EB9CE7DC2C20C76300B6A70A /* FirebaseAppDistribution-Beta */ = {
			isa = XCSwiftPackageProductDependency;
			package = EB9CE7D12C20C76300B6A70A /* XCRemoteSwiftPackageReference "firebase-ios-sdk" */;
			productName = "FirebaseAppDistribution-Beta";
		};
		EB9CE7DE2C20C76300B6A70A /* FirebaseAuth */ = {
			isa = XCSwiftPackageProductDependency;
			package = EB9CE7D12C20C76300B6A70A /* XCRemoteSwiftPackageReference "firebase-ios-sdk" */;
			productName = FirebaseAuth;
		};
		EB9CE7E02C20C76300B6A70A /* FirebaseAuthCombine-Community */ = {
			isa = XCSwiftPackageProductDependency;
			package = EB9CE7D12C20C76300B6A70A /* XCRemoteSwiftPackageReference "firebase-ios-sdk" */;
			productName = "FirebaseAuthCombine-Community";
		};
		EB9CE7E22C20C76300B6A70A /* FirebaseCrashlytics */ = {
			isa = XCSwiftPackageProductDependency;
			package = EB9CE7D12C20C76300B6A70A /* XCRemoteSwiftPackageReference "firebase-ios-sdk" */;
			productName = FirebaseCrashlytics;
		};
		EB9CE7E42C20C76300B6A70A /* FirebaseDatabase */ = {
			isa = XCSwiftPackageProductDependency;
			package = EB9CE7D12C20C76300B6A70A /* XCRemoteSwiftPackageReference "firebase-ios-sdk" */;
			productName = FirebaseDatabase;
		};
		EB9CE7E62C20C76300B6A70A /* FirebaseDatabaseSwift */ = {
			isa = XCSwiftPackageProductDependency;
			package = EB9CE7D12C20C76300B6A70A /* XCRemoteSwiftPackageReference "firebase-ios-sdk" */;
			productName = FirebaseDatabaseSwift;
		};
		EB9CE7E82C20C76300B6A70A /* FirebaseDynamicLinks */ = {
			isa = XCSwiftPackageProductDependency;
			package = EB9CE7D12C20C76300B6A70A /* XCRemoteSwiftPackageReference "firebase-ios-sdk" */;
			productName = FirebaseDynamicLinks;
		};
		EB9CE7EA2C20C76300B6A70A /* FirebaseFirestore */ = {
			isa = XCSwiftPackageProductDependency;
			package = EB9CE7D12C20C76300B6A70A /* XCRemoteSwiftPackageReference "firebase-ios-sdk" */;
			productName = FirebaseFirestore;
		};
		EB9CE7EC2C20C76300B6A70A /* FirebaseFirestoreCombine-Community */ = {
			isa = XCSwiftPackageProductDependency;
			package = EB9CE7D12C20C76300B6A70A /* XCRemoteSwiftPackageReference "firebase-ios-sdk" */;
			productName = "FirebaseFirestoreCombine-Community";
		};
		EB9CE7EE2C20C76300B6A70A /* FirebaseFirestoreSwift */ = {
			isa = XCSwiftPackageProductDependency;
			package = EB9CE7D12C20C76300B6A70A /* XCRemoteSwiftPackageReference "firebase-ios-sdk" */;
			productName = FirebaseFirestoreSwift;
		};
		EB9CE7F02C20C76300B6A70A /* FirebaseFunctions */ = {
			isa = XCSwiftPackageProductDependency;
			package = EB9CE7D12C20C76300B6A70A /* XCRemoteSwiftPackageReference "firebase-ios-sdk" */;
			productName = FirebaseFunctions;
		};
		EB9CE7F22C20C76300B6A70A /* FirebaseFunctionsCombine-Community */ = {
			isa = XCSwiftPackageProductDependency;
			package = EB9CE7D12C20C76300B6A70A /* XCRemoteSwiftPackageReference "firebase-ios-sdk" */;
			productName = "FirebaseFunctionsCombine-Community";
		};
		EB9CE7F42C20C76300B6A70A /* FirebaseInAppMessaging-Beta */ = {
			isa = XCSwiftPackageProductDependency;
			package = EB9CE7D12C20C76300B6A70A /* XCRemoteSwiftPackageReference "firebase-ios-sdk" */;
			productName = "FirebaseInAppMessaging-Beta";
		};
		EB9CE7F62C20C76300B6A70A /* FirebaseInAppMessagingSwift-Beta */ = {
			isa = XCSwiftPackageProductDependency;
			package = EB9CE7D12C20C76300B6A70A /* XCRemoteSwiftPackageReference "firebase-ios-sdk" */;
			productName = "FirebaseInAppMessagingSwift-Beta";
		};
		EB9CE7F82C20C76300B6A70A /* FirebaseInstallations */ = {
			isa = XCSwiftPackageProductDependency;
			package = EB9CE7D12C20C76300B6A70A /* XCRemoteSwiftPackageReference "firebase-ios-sdk" */;
			productName = FirebaseInstallations;
		};
		EB9CE7FA2C20C76300B6A70A /* FirebaseMLModelDownloader */ = {
			isa = XCSwiftPackageProductDependency;
			package = EB9CE7D12C20C76300B6A70A /* XCRemoteSwiftPackageReference "firebase-ios-sdk" */;
			productName = FirebaseMLModelDownloader;
		};
		EB9CE7FC2C20C76300B6A70A /* FirebaseMessaging */ = {
			isa = XCSwiftPackageProductDependency;
			package = EB9CE7D12C20C76300B6A70A /* XCRemoteSwiftPackageReference "firebase-ios-sdk" */;
			productName = FirebaseMessaging;
		};
		EB9CE7FE2C20C76300B6A70A /* FirebasePerformance */ = {
			isa = XCSwiftPackageProductDependency;
			package = EB9CE7D12C20C76300B6A70A /* XCRemoteSwiftPackageReference "firebase-ios-sdk" */;
			productName = FirebasePerformance;
		};
		EB9CE8002C20C76300B6A70A /* FirebaseRemoteConfig */ = {
			isa = XCSwiftPackageProductDependency;
			package = EB9CE7D12C20C76300B6A70A /* XCRemoteSwiftPackageReference "firebase-ios-sdk" */;
			productName = FirebaseRemoteConfig;
		};
		EB9CE8022C20C76300B6A70A /* FirebaseRemoteConfigSwift */ = {
			isa = XCSwiftPackageProductDependency;
			package = EB9CE7D12C20C76300B6A70A /* XCRemoteSwiftPackageReference "firebase-ios-sdk" */;
			productName = FirebaseRemoteConfigSwift;
		};
		EB9CE8042C20C76300B6A70A /* FirebaseStorage */ = {
			isa = XCSwiftPackageProductDependency;
			package = EB9CE7D12C20C76300B6A70A /* XCRemoteSwiftPackageReference "firebase-ios-sdk" */;
			productName = FirebaseStorage;
		};
		EB9CE8062C20C76300B6A70A /* FirebaseStorageCombine-Community */ = {
			isa = XCSwiftPackageProductDependency;
			package = EB9CE7D12C20C76300B6A70A /* XCRemoteSwiftPackageReference "firebase-ios-sdk" */;
			productName = "FirebaseStorageCombine-Community";
		};
		EB9CE8082C20C76300B6A70A /* FirebaseVertexAI-Preview */ = {
			isa = XCSwiftPackageProductDependency;
			package = EB9CE7D12C20C76300B6A70A /* XCRemoteSwiftPackageReference "firebase-ios-sdk" */;
			productName = "FirebaseVertexAI-Preview";
		};
/* End XCSwiftPackageProductDependency section */
	};
	rootObject = EB9CE7942C20968B00B6A70A /* Project object */;
}
